
Microsoft Visual Studio Solution File, Format Version 12.00
# Visual Studio 14
VisualStudioVersion = 14.0.25420.1
MinimumVisualStudioVersion = 10.0.40219.1
Project("{FAE04EC0-301F-11D3-BF4B-00C04F79EFBC}") = "Q9", "Q9\Q9.csproj", "{EB042093-D3AC-4925-95D9-DB9E553FC2D6}"
EndProject
Global
	GlobalSection(SolutionConfigurationPlatforms) = preSolution
		Debug|Any CPU = Debug|Any CPU
		Release|Any CPU = Release|Any CPU
	EndGlobalSection
	GlobalSection(ProjectConfigurationPlatforms) = postSolution
		{EB042093-D3AC-4925-95D9-DB9E553FC2D6}.Debug|Any CPU.ActiveCfg = Debug|Any CPU
		{EB042093-D3AC-4925-95D9-DB9E553FC2D6}.Debug|Any CPU.Build.0 = Debug|Any CPU
		{EB042093-D3AC-4925-95D9-DB9E553FC2D6}.Release|Any CPU.ActiveCfg = Release|Any CPU
		{EB042093-D3AC-4925-95D9-DB9E553FC2D6}.Release|Any CPU.Build.0 = Release|Any CPU
	EndGlobalSection
	GlobalSection(SolutionProperties) = preSolution
		HideSolutionNode = FALSE
	EndGlobalSection
EndGlobal
